
Microsoft Visual Studio Solution File, Format Version 12.00
# Visual Studio Version 16
VisualStudioVersion = 16.0.30907.101
MinimumVisualStudioVersion = 10.0.40219.1
Project("{FAE04EC0-301F-11D3-BF4B-00C04F79EFBC}") = "PS5_Bot", "PS5_Bot\PS5_Bot.csproj", "{145B51A2-F309-4D27-86A1-676ABD388329}"
EndProject
Global
	GlobalSection(SolutionConfigurationPlatforms) = preSolution
		Debug|Any CPU = Debug|Any CPU
		Release|Any CPU = Release|Any CPU
	EndGlobalSection
	GlobalSection(ProjectConfigurationPlatforms) = postSolution
		{145B51A2-F309-4D27-86A1-676ABD388329}.Debug|Any CPU.ActiveCfg = Debug|Any CPU
		{145B51A2-F309-4D27-86A1-676ABD388329}.Debug|Any CPU.Build.0 = Debug|Any CPU
		{145B51A2-F309-4D27-86A1-676ABD388329}.Release|Any CPU.ActiveCfg = Release|Any CPU
		{145B51A2-F309-4D27-86A1-676ABD388329}.Release|Any CPU.Build.0 = Release|Any CPU
	EndGlobalSection
	GlobalSection(SolutionProperties) = preSolution
		HideSolutionNode = FALSE
	EndGlobalSection
	GlobalSection(ExtensibilityGlobals) = postSolution
		SolutionGuid = {6BAB7FCF-55B5-4B85-B71E-D3ED3E17159A}
	EndGlobalSection
EndGlobal
